# This file is autogenerated, do not edit; changes may be undone by the next 'dep ensure'.


[[projects]]
  name = "github.com/disintegration/imaging"
  packages = ["."]
  revision = "fd34ef7671b12cdf1b024d98c6b327b2770d32c4"
  version = "v1.4.1"

[[projects]]
  branch = "master"
  name = "github.com/jbeda/geom"
  packages = ["."]
  revision = "4107299174a83a444c887753bce11e538121c6c4"

[[projects]]
  branch = "master"
  name = "github.com/jbeda/svgdata-go"
  packages = ["."]
  revision = "010a637888c7e0eb5b24333922498c300f3157d5"

[[projects]]
  name = "github.com/pkg/errors"
  packages = ["."]
  revision = "645ef00459ed84a119197bfb8d8205042c6df63d"
  version = "v0.8.0"

[[projects]]
  branch = "master"
  name = "golang.org/x/image"
  packages = [
    "bmp",
    "tiff",
    "tiff/lzw"
  ]
  revision = "f3a9b89b59def9194717c1d0bd4c0d08fa1afa7b"

[solve-meta]
  analyzer-name = "dep"
  analyzer-version = 1
  inputs-digest = "2c915bbe1226c52a8a13aae49ff7883c212f7c923b1e0ce492a868c7c29a5033"
  solver-name = "gps-cdcl"
  solver-version = 1
